
Microsoft Visual Studio Solution File, Format Version 12.00
# Visual Studio 2013
VisualStudioVersion = 12.0.21005.1
MinimumVisualStudioVersion = 10.0.40219.1
Project("{F184B08F-C81C-45F6-A57F-5ABD9991F28F}") = "WebServiceTicket", "WebServiceTicket\WebServiceTicket.vbproj", "{9AD8E91B-F524-4885-B3FA-80589937DC58}"
EndProject
Global
	GlobalSection(SolutionConfigurationPlatforms) = preSolution
		Debug|Any CPU = Debug|Any CPU
		Release|Any CPU = Release|Any CPU
	EndGlobalSection
	GlobalSection(ProjectConfigurationPlatforms) = postSolution
		{9AD8E91B-F524-4885-B3FA-80589937DC58}.Debug|Any CPU.ActiveCfg = Debug|Any CPU
		{9AD8E91B-F524-4885-B3FA-80589937DC58}.Debug|Any CPU.Build.0 = Debug|Any CPU
		{9AD8E91B-F524-4885-B3FA-80589937DC58}.Release|Any CPU.ActiveCfg = Release|Any CPU
		{9AD8E91B-F524-4885-B3FA-80589937DC58}.Release|Any CPU.Build.0 = Release|Any CPU
	EndGlobalSection
	GlobalSection(SolutionProperties) = preSolution
		HideSolutionNode = FALSE
	EndGlobalSection
EndGlobal
